
Microsoft Visual Studio Solution File, Format Version 12.00
# Visual Studio Version 17
VisualStudioVersion = 17.13.35913.81 d17.13
MinimumVisualStudioVersion = 10.0.40219.1
Project("{FAE04EC0-301F-11D3-BF4B-00C04F79EFBC}") = "3NLIDTS-PabloJimenez-03c", "3NLIDTS-PabloJimenez-03c\3NLIDTS-PabloJimenez-03c.csproj", "{E2C7FC8B-8714-450A-A1D3-3AEB5FD96BE8}"
EndProject
Global
	GlobalSection(SolutionConfigurationPlatforms) = preSolution
		Debug|Any CPU = Debug|Any CPU
		Release|Any CPU = Release|Any CPU
	EndGlobalSection
	GlobalSection(ProjectConfigurationPlatforms) = postSolution
		{E2C7FC8B-8714-450A-A1D3-3AEB5FD96BE8}.Debug|Any CPU.ActiveCfg = Debug|Any CPU
		{E2C7FC8B-8714-450A-A1D3-3AEB5FD96BE8}.Debug|Any CPU.Build.0 = Debug|Any CPU
		{E2C7FC8B-8714-450A-A1D3-3AEB5FD96BE8}.Release|Any CPU.ActiveCfg = Release|Any CPU
		{E2C7FC8B-8714-450A-A1D3-3AEB5FD96BE8}.Release|Any CPU.Build.0 = Release|Any CPU
	EndGlobalSection
	GlobalSection(SolutionProperties) = preSolution
		HideSolutionNode = FALSE
	EndGlobalSection
	GlobalSection(ExtensibilityGlobals) = postSolution
		SolutionGuid = {DC7A1EEC-97C7-4F79-90E6-C9AC96ECD0DE}
	EndGlobalSection
EndGlobal
